
Microsoft Visual Studio Solution File, Format Version 12.00
# Visual Studio Version 17
VisualStudioVersion = 17.7.34221.43
MinimumVisualStudioVersion = 10.0.40219.1
Project("{FAE04EC0-301F-11D3-BF4B-00C04F79EFBC}") = "IProductDemo", "IProductDemo\IProductDemo.csproj", "{8AD49C1C-99EA-4736-A91D-3D4B727E266B}"
EndProject
Global
	GlobalSection(SolutionConfigurationPlatforms) = preSolution
		Debug|Any CPU = Debug|Any CPU
		Release|Any CPU = Release|Any CPU
	EndGlobalSection
	GlobalSection(ProjectConfigurationPlatforms) = postSolution
		{8AD49C1C-99EA-4736-A91D-3D4B727E266B}.Debug|Any CPU.ActiveCfg = Debug|Any CPU
		{8AD49C1C-99EA-4736-A91D-3D4B727E266B}.Debug|Any CPU.Build.0 = Debug|Any CPU
		{8AD49C1C-99EA-4736-A91D-3D4B727E266B}.Release|Any CPU.ActiveCfg = Release|Any CPU
		{8AD49C1C-99EA-4736-A91D-3D4B727E266B}.Release|Any CPU.Build.0 = Release|Any CPU
	EndGlobalSection
	GlobalSection(SolutionProperties) = preSolution
		HideSolutionNode = FALSE
	EndGlobalSection
	GlobalSection(ExtensibilityGlobals) = postSolution
		SolutionGuid = {E0EB1B4E-3AA0-4C82-82BE-336E730556C2}
	EndGlobalSection
EndGlobal
